
Microsoft Visual Studio Solution File, Format Version 12.00
# Visual Studio 14
VisualStudioVersion = 14.0.25420.1
MinimumVisualStudioVersion = 10.0.40219.1
Project("{FAE04EC0-301F-11D3-BF4B-00C04F79EFBC}") = "PeoplePets", "PeoplePets\PeoplePets.csproj", "{16B8691D-7122-4540-BD90-FB51F61065AE}"
EndProject
Project("{FAE04EC0-301F-11D3-BF4B-00C04F79EFBC}") = "PeoplePets.BusinessLayer", "PeoplePets.BusinessLayer\PeoplePets.BusinessLayer.csproj", "{2063D365-CF9E-4BE5-820D-02F94431FE43}"
EndProject
Project("{FAE04EC0-301F-11D3-BF4B-00C04F79EFBC}") = "PeoplePets.ServiceWrapper", "PeoplePets.ServiceWrapper\PeoplePets.ServiceWrapper.csproj", "{B605DF6F-1F99-43A0-A1CD-6AB206B6F2B0}"
EndProject
Project("{FAE04EC0-301F-11D3-BF4B-00C04F79EFBC}") = "PeoplePets.Tests", "PeoplePets.Tests\PeoplePets.Tests.csproj", "{DC49DA83-86BC-4353-ACE8-C18CB77B8C26}"
EndProject
Global
	GlobalSection(SolutionConfigurationPlatforms) = preSolution
		Debug|Any CPU = Debug|Any CPU
		Release|Any CPU = Release|Any CPU
	EndGlobalSection
	GlobalSection(ProjectConfigurationPlatforms) = postSolution
		{16B8691D-7122-4540-BD90-FB51F61065AE}.Debug|Any CPU.ActiveCfg = Debug|Any CPU
		{16B8691D-7122-4540-BD90-FB51F61065AE}.Debug|Any CPU.Build.0 = Debug|Any CPU
		{16B8691D-7122-4540-BD90-FB51F61065AE}.Release|Any CPU.ActiveCfg = Release|Any CPU
		{16B8691D-7122-4540-BD90-FB51F61065AE}.Release|Any CPU.Build.0 = Release|Any CPU
		{2063D365-CF9E-4BE5-820D-02F94431FE43}.Debug|Any CPU.ActiveCfg = Debug|Any CPU
		{2063D365-CF9E-4BE5-820D-02F94431FE43}.Debug|Any CPU.Build.0 = Debug|Any CPU
		{2063D365-CF9E-4BE5-820D-02F94431FE43}.Release|Any CPU.ActiveCfg = Release|Any CPU
		{2063D365-CF9E-4BE5-820D-02F94431FE43}.Release|Any CPU.Build.0 = Release|Any CPU
		{B605DF6F-1F99-43A0-A1CD-6AB206B6F2B0}.Debug|Any CPU.ActiveCfg = Debug|Any CPU
		{B605DF6F-1F99-43A0-A1CD-6AB206B6F2B0}.Debug|Any CPU.Build.0 = Debug|Any CPU
		{B605DF6F-1F99-43A0-A1CD-6AB206B6F2B0}.Release|Any CPU.ActiveCfg = Release|Any CPU
		{B605DF6F-1F99-43A0-A1CD-6AB206B6F2B0}.Release|Any CPU.Build.0 = Release|Any CPU
		{DC49DA83-86BC-4353-ACE8-C18CB77B8C26}.Debug|Any CPU.ActiveCfg = Debug|Any CPU
		{DC49DA83-86BC-4353-ACE8-C18CB77B8C26}.Debug|Any CPU.Build.0 = Debug|Any CPU
		{DC49DA83-86BC-4353-ACE8-C18CB77B8C26}.Release|Any CPU.ActiveCfg = Release|Any CPU
		{DC49DA83-86BC-4353-ACE8-C18CB77B8C26}.Release|Any CPU.Build.0 = Release|Any CPU
	EndGlobalSection
	GlobalSection(SolutionProperties) = preSolution
		HideSolutionNode = FALSE
	EndGlobalSection
EndGlobal
